
Microsoft Visual Studio Solution File, Format Version 12.00
# Visual Studio Version 17
VisualStudioVersion = 17.5.002.0
MinimumVisualStudioVersion = 10.0.40219.1
Project("{9A19103F-16F7-4668-BE54-9A1E7A4F7556}") = "WebApiDotnet", "WebApiDotnet.csproj", "{2B5F653A-5CE7-483C-905A-4A1FFFA4DE29}"
EndProject
Global
	GlobalSection(SolutionConfigurationPlatforms) = preSolution
		Debug|Any CPU = Debug|Any CPU
		Release|Any CPU = Release|Any CPU
	EndGlobalSection
	GlobalSection(ProjectConfigurationPlatforms) = postSolution
		{2B5F653A-5CE7-483C-905A-4A1FFFA4DE29}.Debug|Any CPU.ActiveCfg = Debug|Any CPU
		{2B5F653A-5CE7-483C-905A-4A1FFFA4DE29}.Debug|Any CPU.Build.0 = Debug|Any CPU
		{2B5F653A-5CE7-483C-905A-4A1FFFA4DE29}.Release|Any CPU.ActiveCfg = Release|Any CPU
		{2B5F653A-5CE7-483C-905A-4A1FFFA4DE29}.Release|Any CPU.Build.0 = Release|Any CPU
	EndGlobalSection
	GlobalSection(SolutionProperties) = preSolution
		HideSolutionNode = FALSE
	EndGlobalSection
	GlobalSection(ExtensibilityGlobals) = postSolution
		SolutionGuid = {2FCB4860-001D-4A31-9588-38C1D35AE2FE}
	EndGlobalSection
EndGlobal
